
Microsoft Visual Studio Solution File, Format Version 12.00
# Visual Studio Version 16
VisualStudioVersion = 16.0.29911.84
MinimumVisualStudioVersion = 10.0.40219.1
Project("{9A19103F-16F7-4668-BE54-9A1E7A4F7556}") = "VehicleService", "ServisVozila\VehicleService.csproj", "{F99DA6AC-DF1B-489A-8C2A-CA86EF76C925}"
EndProject
Global
	GlobalSection(SolutionConfigurationPlatforms) = preSolution
		Debug|Any CPU = Debug|Any CPU
		Release|Any CPU = Release|Any CPU
	EndGlobalSection
	GlobalSection(ProjectConfigurationPlatforms) = postSolution
		{F99DA6AC-DF1B-489A-8C2A-CA86EF76C925}.Debug|Any CPU.ActiveCfg = Debug|Any CPU
		{F99DA6AC-DF1B-489A-8C2A-CA86EF76C925}.Debug|Any CPU.Build.0 = Debug|Any CPU
		{F99DA6AC-DF1B-489A-8C2A-CA86EF76C925}.Release|Any CPU.ActiveCfg = Release|Any CPU
		{F99DA6AC-DF1B-489A-8C2A-CA86EF76C925}.Release|Any CPU.Build.0 = Release|Any CPU
	EndGlobalSection
	GlobalSection(SolutionProperties) = preSolution
		HideSolutionNode = FALSE
	EndGlobalSection
	GlobalSection(ExtensibilityGlobals) = postSolution
		SolutionGuid = {3915C030-3900-401F-B219-95C2A255A37B}
	EndGlobalSection
EndGlobal
